
Microsoft Visual Studio Solution File, Format Version 12.00
# Visual Studio Version 16
VisualStudioVersion = 16.0.32002.261
MinimumVisualStudioVersion = 10.0.40219.1
Project("{FAE04EC0-301F-11D3-BF4B-00C04F79EFBC}") = "MES.form", "MES\MES.form.csproj", "{BCB81899-B346-4412-BB89-63070CB92581}"
EndProject
Project("{FAE04EC0-301F-11D3-BF4B-00C04F79EFBC}") = "MyContrals", "MyContrals\MyContrals.csproj", "{16C8FC7B-5824-42C0-88EA-DC6F10A09DD4}"
EndProject
Project("{FAE04EC0-301F-11D3-BF4B-00C04F79EFBC}") = "Helper", "Helper\Helper.csproj", "{953E9438-9604-4CFC-B97E-907A710DB1FE}"
EndProject
Project("{FAE04EC0-301F-11D3-BF4B-00C04F79EFBC}") = "DBConn", "DBConn\DBConn.csproj", "{37E11581-7A5D-4DB2-AD68-7915F2B598CD}"
EndProject
Project("{FAE04EC0-301F-11D3-BF4B-00C04F79EFBC}") = "TX.Framework.WindowUI", "TX.Framework.WindowUI\TX.Framework.WindowUI.csproj", "{E8746B10-EAAF-44B7-95CC-29E4C42EC8D5}"
EndProject
Project("{FAE04EC0-301F-11D3-BF4B-00C04F79EFBC}") = "MES.module.BLL", "MES.module.BLL\MES.module.BLL.csproj", "{1C2B57C3-3E5E-42CB-8F1E-7DD1AC5A5925}"
EndProject
Project("{FAE04EC0-301F-11D3-BF4B-00C04F79EFBC}") = "MES.module.DAL", "MES.module.DAL\MES.module.DAL.csproj", "{186D0CFE-C404-46F2-B2C4-11BB9A4A1E85}"
EndProject
Global
	GlobalSection(SolutionConfigurationPlatforms) = preSolution
		Debug|Any CPU = Debug|Any CPU
		Debug|x86 = Debug|x86
		Release|Any CPU = Release|Any CPU
		Release|x86 = Release|x86
	EndGlobalSection
	GlobalSection(ProjectConfigurationPlatforms) = postSolution
		{BCB81899-B346-4412-BB89-63070CB92581}.Debug|Any CPU.ActiveCfg = Debug|Any CPU
		{BCB81899-B346-4412-BB89-63070CB92581}.Debug|Any CPU.Build.0 = Debug|Any CPU
		{BCB81899-B346-4412-BB89-63070CB92581}.Debug|x86.ActiveCfg = Debug|Any CPU
		{BCB81899-B346-4412-BB89-63070CB92581}.Debug|x86.Build.0 = Debug|Any CPU
		{BCB81899-B346-4412-BB89-63070CB92581}.Release|Any CPU.ActiveCfg = Release|Any CPU
		{BCB81899-B346-4412-BB89-63070CB92581}.Release|Any CPU.Build.0 = Release|Any CPU
		{BCB81899-B346-4412-BB89-63070CB92581}.Release|x86.ActiveCfg = Release|Any CPU
		{BCB81899-B346-4412-BB89-63070CB92581}.Release|x86.Build.0 = Release|Any CPU
		{16C8FC7B-5824-42C0-88EA-DC6F10A09DD4}.Debug|Any CPU.ActiveCfg = Debug|Any CPU
		{16C8FC7B-5824-42C0-88EA-DC6F10A09DD4}.Debug|Any CPU.Build.0 = Debug|Any CPU
		{16C8FC7B-5824-42C0-88EA-DC6F10A09DD4}.Debug|x86.ActiveCfg = Debug|x86
		{16C8FC7B-5824-42C0-88EA-DC6F10A09DD4}.Debug|x86.Build.0 = Debug|x86
		{16C8FC7B-5824-42C0-88EA-DC6F10A09DD4}.Release|Any CPU.ActiveCfg = Release|Any CPU
		{16C8FC7B-5824-42C0-88EA-DC6F10A09DD4}.Release|Any CPU.Build.0 = Release|Any CPU
		{16C8FC7B-5824-42C0-88EA-DC6F10A09DD4}.Release|x86.ActiveCfg = Release|x86
		{16C8FC7B-5824-42C0-88EA-DC6F10A09DD4}.Release|x86.Build.0 = Release|x86
		{953E9438-9604-4CFC-B97E-907A710DB1FE}.Debug|Any CPU.ActiveCfg = Debug|Any CPU
		{953E9438-9604-4CFC-B97E-907A710DB1FE}.Debug|Any CPU.Build.0 = Debug|Any CPU
		{953E9438-9604-4CFC-B97E-907A710DB1FE}.Debug|x86.ActiveCfg = Debug|Any CPU
		{953E9438-9604-4CFC-B97E-907A710DB1FE}.Debug|x86.Build.0 = Debug|Any CPU
		{953E9438-9604-4CFC-B97E-907A710DB1FE}.Release|Any CPU.ActiveCfg = Release|Any CPU
		{953E9438-9604-4CFC-B97E-907A710DB1FE}.Release|Any CPU.Build.0 = Release|Any CPU
		{953E9438-9604-4CFC-B97E-907A710DB1FE}.Release|x86.ActiveCfg = Release|Any CPU
		{953E9438-9604-4CFC-B97E-907A710DB1FE}.Release|x86.Build.0 = Release|Any CPU
		{37E11581-7A5D-4DB2-AD68-7915F2B598CD}.Debug|Any CPU.ActiveCfg = Debug|Any CPU
		{37E11581-7A5D-4DB2-AD68-7915F2B598CD}.Debug|Any CPU.Build.0 = Debug|Any CPU
		{37E11581-7A5D-4DB2-AD68-7915F2B598CD}.Debug|x86.ActiveCfg = Debug|Any CPU
		{37E11581-7A5D-4DB2-AD68-7915F2B598CD}.Debug|x86.Build.0 = Debug|Any CPU
		{37E11581-7A5D-4DB2-AD68-7915F2B598CD}.Release|Any CPU.ActiveCfg = Release|Any CPU
		{37E11581-7A5D-4DB2-AD68-7915F2B598CD}.Release|Any CPU.Build.0 = Release|Any CPU
		{37E11581-7A5D-4DB2-AD68-7915F2B598CD}.Release|x86.ActiveCfg = Release|Any CPU
		{37E11581-7A5D-4DB2-AD68-7915F2B598CD}.Release|x86.Build.0 = Release|Any CPU
		{E8746B10-EAAF-44B7-95CC-29E4C42EC8D5}.Debug|Any CPU.ActiveCfg = Debug|Any CPU
		{E8746B10-EAAF-44B7-95CC-29E4C42EC8D5}.Debug|Any CPU.Build.0 = Debug|Any CPU
		{E8746B10-EAAF-44B7-95CC-29E4C42EC8D5}.Debug|x86.ActiveCfg = Debug|x86
		{E8746B10-EAAF-44B7-95CC-29E4C42EC8D5}.Debug|x86.Build.0 = Debug|x86
		{E8746B10-EAAF-44B7-95CC-29E4C42EC8D5}.Release|Any CPU.ActiveCfg = Release|Any CPU
		{E8746B10-EAAF-44B7-95CC-29E4C42EC8D5}.Release|Any CPU.Build.0 = Release|Any CPU
		{E8746B10-EAAF-44B7-95CC-29E4C42EC8D5}.Release|x86.ActiveCfg = Release|x86
		{E8746B10-EAAF-44B7-95CC-29E4C42EC8D5}.Release|x86.Build.0 = Release|x86
		{1C2B57C3-3E5E-42CB-8F1E-7DD1AC5A5925}.Debug|Any CPU.ActiveCfg = Debug|Any CPU
		{1C2B57C3-3E5E-42CB-8F1E-7DD1AC5A5925}.Debug|Any CPU.Build.0 = Debug|Any CPU
		{1C2B57C3-3E5E-42CB-8F1E-7DD1AC5A5925}.Debug|x86.ActiveCfg = Debug|Any CPU
		{1C2B57C3-3E5E-42CB-8F1E-7DD1AC5A5925}.Debug|x86.Build.0 = Debug|Any CPU
		{1C2B57C3-3E5E-42CB-8F1E-7DD1AC5A5925}.Release|Any CPU.ActiveCfg = Release|Any CPU
		{1C2B57C3-3E5E-42CB-8F1E-7DD1AC5A5925}.Release|Any CPU.Build.0 = Release|Any CPU
		{1C2B57C3-3E5E-42CB-8F1E-7DD1AC5A5925}.Release|x86.ActiveCfg = Release|Any CPU
		{1C2B57C3-3E5E-42CB-8F1E-7DD1AC5A5925}.Release|x86.Build.0 = Release|Any CPU
		{186D0CFE-C404-46F2-B2C4-11BB9A4A1E85}.Debug|Any CPU.ActiveCfg = Debug|Any CPU
		{186D0CFE-C404-46F2-B2C4-11BB9A4A1E85}.Debug|Any CPU.Build.0 = Debug|Any CPU
		{186D0CFE-C404-46F2-B2C4-11BB9A4A1E85}.Debug|x86.ActiveCfg = Debug|Any CPU
		{186D0CFE-C404-46F2-B2C4-11BB9A4A1E85}.Debug|x86.Build.0 = Debug|Any CPU
		{186D0CFE-C404-46F2-B2C4-11BB9A4A1E85}.Release|Any CPU.ActiveCfg = Release|Any CPU
		{186D0CFE-C404-46F2-B2C4-11BB9A4A1E85}.Release|Any CPU.Build.0 = Release|Any CPU
		{186D0CFE-C404-46F2-B2C4-11BB9A4A1E85}.Release|x86.ActiveCfg = Release|Any CPU
		{186D0CFE-C404-46F2-B2C4-11BB9A4A1E85}.Release|x86.Build.0 = Release|Any CPU
	EndGlobalSection
	GlobalSection(SolutionProperties) = preSolution
		HideSolutionNode = FALSE
	EndGlobalSection
	GlobalSection(ExtensibilityGlobals) = postSolution
		SolutionGuid = {170DFADB-D710-4610-BF4A-3E9F18748E81}
	EndGlobalSection
EndGlobal
